
Microsoft Visual Studio Solution File, Format Version 12.00
# Visual Studio Version 16
VisualStudioVersion = 16.0.29326.143
MinimumVisualStudioVersion = 10.0.40219.1
Project("{2150E333-8FDC-42A3-9474-1A3956D46DE8}") = "src", "src", "{222F158B-3299-40FA-B8FA-ADF8E611EE54}"
EndProject
Project("{2150E333-8FDC-42A3-9474-1A3956D46DE8}") = "test", "test", "{3FEECB8E-0064-4CA1-B796-B62EDB6387D5}"
EndProject
Project("{9A19103F-16F7-4668-BE54-9A1E7A4F7556}") = "Cortex.Net", "src\Cortex.Net\Cortex.Net.csproj", "{56D92BB8-7DEB-4C27-AEDF-8E6794BE024B}"
EndProject
Project("{9A19103F-16F7-4668-BE54-9A1E7A4F7556}") = "Cortex.Net.Test", "test\Cortex.Net.Test\Cortex.Net.Test.csproj", "{5E3772EA-02A8-46FE-BC79-1DCA509F8FA4}"
EndProject
Project("{9A19103F-16F7-4668-BE54-9A1E7A4F7556}") = "Cortext.Next.Playground", "src\Cortext.Next.Playground\Cortext.Next.Playground.csproj", "{2AD58751-9AD4-4AC3-9597-460AE1222CEC}"
	ProjectSection(ProjectDependencies) = postProject
		{062DC911-53C6-4CB0-B4A9-AD6AB98D52BE} = {062DC911-53C6-4CB0-B4A9-AD6AB98D52BE}
	EndProjectSection
EndProject
Project("{9A19103F-16F7-4668-BE54-9A1E7A4F7556}") = "Cortex.Net.Fody", "src\Cortex.Net.Fody\Cortex.Net.Fody.csproj", "{062DC911-53C6-4CB0-B4A9-AD6AB98D52BE}"
EndProject
Project("{9A19103F-16F7-4668-BE54-9A1E7A4F7556}") = "Cortex.Net.Fody.Test", "test\Cortex.Net.Fody.Test\Cortex.Net.Fody.Test.csproj", "{6A213F26-6769-432E-A157-DCEBA92F9E3D}"
EndProject
Project("{2150E333-8FDC-42A3-9474-1A3956D46DE8}") = "docs", "docs", "{0E4B8F86-ED56-410C-B07F-340258B54990}"
	ProjectSection(SolutionItems) = preProject
		docs\README.md = docs\README.md
	EndProjectSection
EndProject
Project("{9A19103F-16F7-4668-BE54-9A1E7A4F7556}") = "Cortex.Net.Blazor", "src\Cortex.Net.Blazor\Cortex.Net.Blazor.csproj", "{2F1F7856-1D48-4087-B368-31A2CE1206EA}"
EndProject
Project("{2150E333-8FDC-42A3-9474-1A3956D46DE8}") = "samples", "samples", "{79D4183C-B3B6-4ACE-82EF-3D103EB90049}"
EndProject
Project("{9A19103F-16F7-4668-BE54-9A1E7A4F7556}") = "Cortex.Net.BlazorTodo", "samples\Cortex.Net.BlazorTodo\Cortex.Net.BlazorTodo.csproj", "{A9CA7C47-8A56-4BBC-B943-6BE37D1BAE3F}"
EndProject
Global
	GlobalSection(SolutionConfigurationPlatforms) = preSolution
		Debug|Any CPU = Debug|Any CPU
		Release|Any CPU = Release|Any CPU
	EndGlobalSection
	GlobalSection(ProjectConfigurationPlatforms) = postSolution
		{56D92BB8-7DEB-4C27-AEDF-8E6794BE024B}.Debug|Any CPU.ActiveCfg = Debug|Any CPU
		{56D92BB8-7DEB-4C27-AEDF-8E6794BE024B}.Debug|Any CPU.Build.0 = Debug|Any CPU
		{56D92BB8-7DEB-4C27-AEDF-8E6794BE024B}.Release|Any CPU.ActiveCfg = Release|Any CPU
		{56D92BB8-7DEB-4C27-AEDF-8E6794BE024B}.Release|Any CPU.Build.0 = Release|Any CPU
		{5E3772EA-02A8-46FE-BC79-1DCA509F8FA4}.Debug|Any CPU.ActiveCfg = Debug|Any CPU
		{5E3772EA-02A8-46FE-BC79-1DCA509F8FA4}.Debug|Any CPU.Build.0 = Debug|Any CPU
		{5E3772EA-02A8-46FE-BC79-1DCA509F8FA4}.Release|Any CPU.ActiveCfg = Release|Any CPU
		{5E3772EA-02A8-46FE-BC79-1DCA509F8FA4}.Release|Any CPU.Build.0 = Release|Any CPU
		{2AD58751-9AD4-4AC3-9597-460AE1222CEC}.Debug|Any CPU.ActiveCfg = Debug|Any CPU
		{2AD58751-9AD4-4AC3-9597-460AE1222CEC}.Debug|Any CPU.Build.0 = Debug|Any CPU
		{2AD58751-9AD4-4AC3-9597-460AE1222CEC}.Release|Any CPU.ActiveCfg = Release|Any CPU
		{2AD58751-9AD4-4AC3-9597-460AE1222CEC}.Release|Any CPU.Build.0 = Release|Any CPU
		{062DC911-53C6-4CB0-B4A9-AD6AB98D52BE}.Debug|Any CPU.ActiveCfg = Debug|Any CPU
		{062DC911-53C6-4CB0-B4A9-AD6AB98D52BE}.Debug|Any CPU.Build.0 = Debug|Any CPU
		{062DC911-53C6-4CB0-B4A9-AD6AB98D52BE}.Release|Any CPU.ActiveCfg = Release|Any CPU
		{062DC911-53C6-4CB0-B4A9-AD6AB98D52BE}.Release|Any CPU.Build.0 = Release|Any CPU
		{6A213F26-6769-432E-A157-DCEBA92F9E3D}.Debug|Any CPU.ActiveCfg = Debug|Any CPU
		{6A213F26-6769-432E-A157-DCEBA92F9E3D}.Debug|Any CPU.Build.0 = Debug|Any CPU
		{6A213F26-6769-432E-A157-DCEBA92F9E3D}.Release|Any CPU.ActiveCfg = Release|Any CPU
		{6A213F26-6769-432E-A157-DCEBA92F9E3D}.Release|Any CPU.Build.0 = Release|Any CPU
		{2F1F7856-1D48-4087-B368-31A2CE1206EA}.Debug|Any CPU.ActiveCfg = Debug|Any CPU
		{2F1F7856-1D48-4087-B368-31A2CE1206EA}.Debug|Any CPU.Build.0 = Debug|Any CPU
		{2F1F7856-1D48-4087-B368-31A2CE1206EA}.Release|Any CPU.ActiveCfg = Release|Any CPU
		{2F1F7856-1D48-4087-B368-31A2CE1206EA}.Release|Any CPU.Build.0 = Release|Any CPU
		{A9CA7C47-8A56-4BBC-B943-6BE37D1BAE3F}.Debug|Any CPU.ActiveCfg = Debug|Any CPU
		{A9CA7C47-8A56-4BBC-B943-6BE37D1BAE3F}.Debug|Any CPU.Build.0 = Debug|Any CPU
		{A9CA7C47-8A56-4BBC-B943-6BE37D1BAE3F}.Release|Any CPU.ActiveCfg = Release|Any CPU
		{A9CA7C47-8A56-4BBC-B943-6BE37D1BAE3F}.Release|Any CPU.Build.0 = Release|Any CPU
	EndGlobalSection
	GlobalSection(SolutionProperties) = preSolution
		HideSolutionNode = FALSE
	EndGlobalSection
	GlobalSection(NestedProjects) = preSolution
		{56D92BB8-7DEB-4C27-AEDF-8E6794BE024B} = {222F158B-3299-40FA-B8FA-ADF8E611EE54}
		{5E3772EA-02A8-46FE-BC79-1DCA509F8FA4} = {3FEECB8E-0064-4CA1-B796-B62EDB6387D5}
		{2AD58751-9AD4-4AC3-9597-460AE1222CEC} = {222F158B-3299-40FA-B8FA-ADF8E611EE54}
		{062DC911-53C6-4CB0-B4A9-AD6AB98D52BE} = {222F158B-3299-40FA-B8FA-ADF8E611EE54}
		{6A213F26-6769-432E-A157-DCEBA92F9E3D} = {3FEECB8E-0064-4CA1-B796-B62EDB6387D5}
		{2F1F7856-1D48-4087-B368-31A2CE1206EA} = {222F158B-3299-40FA-B8FA-ADF8E611EE54}
		{A9CA7C47-8A56-4BBC-B943-6BE37D1BAE3F} = {79D4183C-B3B6-4ACE-82EF-3D103EB90049}
	EndGlobalSection
	GlobalSection(ExtensibilityGlobals) = postSolution
		SolutionGuid = {101D3B0F-E9EE-48BA-BEA0-18A9904B157A}
	EndGlobalSection
EndGlobal
